
Microsoft Visual Studio Solution File, Format Version 12.00
# Visual Studio 15
Project("{FAE04EC0-301F-11D3-BF4B-00C04F79EFBC}") = "KartGame", "KartGame.csproj", "{74E4F15D-7C88-4B42-1EAF-8219D1CE55B6}"
EndProject
Project("{FAE04EC0-301F-11D3-BF4B-00C04F79EFBC}") = "KartGame.AI", "KartGame.AI.csproj", "{7C6AAAF7-3FA5-D597-9D20-EFAD9C132C7F}"
EndProject
Project("{FAE04EC0-301F-11D3-BF4B-00C04F79EFBC}") = "Assembly-CSharp", "Assembly-CSharp.csproj", "{8ED87920-1E90-D3C2-B9FA-57F90525ED3B}"
EndProject
Project("{FAE04EC0-301F-11D3-BF4B-00C04F79EFBC}") = "Unity.Microgame.Tutorials", "Unity.Microgame.Tutorials.csproj", "{6FBBC8AD-0345-0CBB-925B-5A1901C33A73}"
EndProject
Project("{FAE04EC0-301F-11D3-BF4B-00C04F79EFBC}") = "KartGame.AI.Editor", "KartGame.AI.Editor.csproj", "{E4930B7B-4DD2-A2FA-FDDD-F6A0C4CA583F}"
EndProject
Project("{FAE04EC0-301F-11D3-BF4B-00C04F79EFBC}") = "KartGame.Editor", "KartGame.Editor.csproj", "{BEE0466D-C0A7-B643-5EA2-18466290A259}"
EndProject
Project("{FAE04EC0-301F-11D3-BF4B-00C04F79EFBC}") = "Unity.Karting.Tutorials", "Unity.Karting.Tutorials.csproj", "{C0956E0C-8217-CFE8-BC0E-E947A7643F45}"
EndProject
Global
	GlobalSection(SolutionConfigurationPlatforms) = preSolution
		Debug|Any CPU = Debug|Any CPU
		Release|Any CPU = Release|Any CPU
	EndGlobalSection
	GlobalSection(ProjectConfigurationPlatforms) = postSolution
		{74E4F15D-7C88-4B42-1EAF-8219D1CE55B6}.Debug|Any CPU.ActiveCfg = Debug|Any CPU
		{74E4F15D-7C88-4B42-1EAF-8219D1CE55B6}.Debug|Any CPU.Build.0 = Debug|Any CPU
		{74E4F15D-7C88-4B42-1EAF-8219D1CE55B6}.Release|Any CPU.ActiveCfg = Release|Any CPU
		{74E4F15D-7C88-4B42-1EAF-8219D1CE55B6}.Release|Any CPU.Build.0 = Release|Any CPU
		{7C6AAAF7-3FA5-D597-9D20-EFAD9C132C7F}.Debug|Any CPU.ActiveCfg = Debug|Any CPU
		{7C6AAAF7-3FA5-D597-9D20-EFAD9C132C7F}.Debug|Any CPU.Build.0 = Debug|Any CPU
		{7C6AAAF7-3FA5-D597-9D20-EFAD9C132C7F}.Release|Any CPU.ActiveCfg = Release|Any CPU
		{7C6AAAF7-3FA5-D597-9D20-EFAD9C132C7F}.Release|Any CPU.Build.0 = Release|Any CPU
		{8ED87920-1E90-D3C2-B9FA-57F90525ED3B}.Debug|Any CPU.ActiveCfg = Debug|Any CPU
		{8ED87920-1E90-D3C2-B9FA-57F90525ED3B}.Debug|Any CPU.Build.0 = Debug|Any CPU
		{8ED87920-1E90-D3C2-B9FA-57F90525ED3B}.Release|Any CPU.ActiveCfg = Release|Any CPU
		{8ED87920-1E90-D3C2-B9FA-57F90525ED3B}.Release|Any CPU.Build.0 = Release|Any CPU
		{6FBBC8AD-0345-0CBB-925B-5A1901C33A73}.Debug|Any CPU.ActiveCfg = Debug|Any CPU
		{6FBBC8AD-0345-0CBB-925B-5A1901C33A73}.Debug|Any CPU.Build.0 = Debug|Any CPU
		{6FBBC8AD-0345-0CBB-925B-5A1901C33A73}.Release|Any CPU.ActiveCfg = Release|Any CPU
		{6FBBC8AD-0345-0CBB-925B-5A1901C33A73}.Release|Any CPU.Build.0 = Release|Any CPU
		{E4930B7B-4DD2-A2FA-FDDD-F6A0C4CA583F}.Debug|Any CPU.ActiveCfg = Debug|Any CPU
		{E4930B7B-4DD2-A2FA-FDDD-F6A0C4CA583F}.Debug|Any CPU.Build.0 = Debug|Any CPU
		{E4930B7B-4DD2-A2FA-FDDD-F6A0C4CA583F}.Release|Any CPU.ActiveCfg = Release|Any CPU
		{E4930B7B-4DD2-A2FA-FDDD-F6A0C4CA583F}.Release|Any CPU.Build.0 = Release|Any CPU
		{BEE0466D-C0A7-B643-5EA2-18466290A259}.Debug|Any CPU.ActiveCfg = Debug|Any CPU
		{BEE0466D-C0A7-B643-5EA2-18466290A259}.Debug|Any CPU.Build.0 = Debug|Any CPU
		{BEE0466D-C0A7-B643-5EA2-18466290A259}.Release|Any CPU.ActiveCfg = Release|Any CPU
		{BEE0466D-C0A7-B643-5EA2-18466290A259}.Release|Any CPU.Build.0 = Release|Any CPU
		{C0956E0C-8217-CFE8-BC0E-E947A7643F45}.Debug|Any CPU.ActiveCfg = Debug|Any CPU
		{C0956E0C-8217-CFE8-BC0E-E947A7643F45}.Debug|Any CPU.Build.0 = Debug|Any CPU
		{C0956E0C-8217-CFE8-BC0E-E947A7643F45}.Release|Any CPU.ActiveCfg = Release|Any CPU
		{C0956E0C-8217-CFE8-BC0E-E947A7643F45}.Release|Any CPU.Build.0 = Release|Any CPU
	EndGlobalSection
	GlobalSection(SolutionProperties) = preSolution
		HideSolutionNode = FALSE
	EndGlobalSection
EndGlobal
